
Microsoft Visual Studio Solution File, Format Version 12.00
# Visual Studio Version 16
VisualStudioVersion = 16.0.30114.105
MinimumVisualStudioVersion = 10.0.40219.1
Project("{00000000-0000-0000-0000-000000000000}") = "Amusoft.DotnetNew.Tests", "Amusoft.DotnetNew.Tests\Amusoft.DotnetNew.Tests.csproj", "{439DF4B7-6359-4B8B-8E52-E3E7F9E90D1C}"
EndProject
Project("{00000000-0000-0000-0000-000000000000}") = "Amusoft.DotnetNew.Tests.UnitTests", "..\tests\Amusoft.DotnetNew.Tests.UnitTests\Amusoft.DotnetNew.Tests.UnitTests.csproj", "{649B1128-B413-4D5A-849E-AE481B1B0C43}"
EndProject
Project("{00000000-0000-0000-0000-000000000000}") = "Amusoft.DotnetNew.Tests.IntegrationTests", "..\tests\Amusoft.DotnetNew.Tests.IntegrationTests\Amusoft.DotnetNew.Tests.IntegrationTests.csproj", "{6E487BCE-283B-4525-83B5-8F228F4A2742}"
EndProject
Project("{2150E333-8FDC-42A3-9474-1A3956D46DE8}") = "package", "package", "{00000000-0000-0000-0000-000000000000}"
	ProjectSection(SolutionItems) = preProject
		..\README.md = ..\README.md
		..\.github\workflows\CI.yml = ..\.github\workflows\CI.yml
		nuget.config = nuget.config
		Directory.Build.props = Directory.Build.props
		..\build\Project.Common.props = ..\build\Project.Common.props
		..\scripts\build.ps1 = ..\scripts\build.ps1
		..\.gitignore = ..\.gitignore
		..\build\SourceLink.props = ..\build\SourceLink.props
	EndProjectSection
EndProject
Project("{2150E333-8FDC-42A3-9474-1A3956D46DE8}") = "src", "src", "{D3B3C024-9B36-416D-A570-3146FB91F291}"
EndProject
Project("{2150E333-8FDC-42A3-9474-1A3956D46DE8}") = "tests", "tests", "{C94BD735-8346-47DF-8F0B-13CD9BBBD2E9}"
EndProject
Global
	GlobalSection(SolutionConfigurationPlatforms) = preSolution
		Debug|Any CPU = Debug|Any CPU
		Debug|x64 = Debug|x64
		Debug|x86 = Debug|x86
		Release|Any CPU = Release|Any CPU
		Release|x64 = Release|x64
		Release|x86 = Release|x86
	EndGlobalSection
	GlobalSection(ProjectConfigurationPlatforms) = postSolution
		{439DF4B7-6359-4B8B-8E52-E3E7F9E90D1C}.Debug|Any CPU.ActiveCfg = Debug|Any CPU
		{439DF4B7-6359-4B8B-8E52-E3E7F9E90D1C}.Debug|Any CPU.Build.0 = Debug|Any CPU
		{439DF4B7-6359-4B8B-8E52-E3E7F9E90D1C}.Debug|x64.ActiveCfg = Debug|Any CPU
		{439DF4B7-6359-4B8B-8E52-E3E7F9E90D1C}.Debug|x64.Build.0 = Debug|Any CPU
		{439DF4B7-6359-4B8B-8E52-E3E7F9E90D1C}.Debug|x86.ActiveCfg = Debug|Any CPU
		{439DF4B7-6359-4B8B-8E52-E3E7F9E90D1C}.Debug|x86.Build.0 = Debug|Any CPU
		{439DF4B7-6359-4B8B-8E52-E3E7F9E90D1C}.Release|Any CPU.ActiveCfg = Release|Any CPU
		{439DF4B7-6359-4B8B-8E52-E3E7F9E90D1C}.Release|Any CPU.Build.0 = Release|Any CPU
		{439DF4B7-6359-4B8B-8E52-E3E7F9E90D1C}.Release|x64.ActiveCfg = Release|Any CPU
		{439DF4B7-6359-4B8B-8E52-E3E7F9E90D1C}.Release|x64.Build.0 = Release|Any CPU
		{439DF4B7-6359-4B8B-8E52-E3E7F9E90D1C}.Release|x86.ActiveCfg = Release|Any CPU
		{439DF4B7-6359-4B8B-8E52-E3E7F9E90D1C}.Release|x86.Build.0 = Release|Any CPU
		{649B1128-B413-4D5A-849E-AE481B1B0C43}.Debug|Any CPU.ActiveCfg = Debug|Any CPU
		{649B1128-B413-4D5A-849E-AE481B1B0C43}.Debug|Any CPU.Build.0 = Debug|Any CPU
		{649B1128-B413-4D5A-849E-AE481B1B0C43}.Debug|x64.ActiveCfg = Debug|Any CPU
		{649B1128-B413-4D5A-849E-AE481B1B0C43}.Debug|x64.Build.0 = Debug|Any CPU
		{649B1128-B413-4D5A-849E-AE481B1B0C43}.Debug|x86.ActiveCfg = Debug|Any CPU
		{649B1128-B413-4D5A-849E-AE481B1B0C43}.Debug|x86.Build.0 = Debug|Any CPU
		{649B1128-B413-4D5A-849E-AE481B1B0C43}.Release|Any CPU.ActiveCfg = Release|Any CPU
		{649B1128-B413-4D5A-849E-AE481B1B0C43}.Release|Any CPU.Build.0 = Release|Any CPU
		{649B1128-B413-4D5A-849E-AE481B1B0C43}.Release|x64.ActiveCfg = Release|Any CPU
		{649B1128-B413-4D5A-849E-AE481B1B0C43}.Release|x64.Build.0 = Release|Any CPU
		{649B1128-B413-4D5A-849E-AE481B1B0C43}.Release|x86.ActiveCfg = Release|Any CPU
		{649B1128-B413-4D5A-849E-AE481B1B0C43}.Release|x86.Build.0 = Release|Any CPU
		{6E487BCE-283B-4525-83B5-8F228F4A2742}.Debug|Any CPU.ActiveCfg = Debug|Any CPU
		{6E487BCE-283B-4525-83B5-8F228F4A2742}.Debug|Any CPU.Build.0 = Debug|Any CPU
		{6E487BCE-283B-4525-83B5-8F228F4A2742}.Debug|x64.ActiveCfg = Debug|Any CPU
		{6E487BCE-283B-4525-83B5-8F228F4A2742}.Debug|x64.Build.0 = Debug|Any CPU
		{6E487BCE-283B-4525-83B5-8F228F4A2742}.Debug|x86.ActiveCfg = Debug|Any CPU
		{6E487BCE-283B-4525-83B5-8F228F4A2742}.Debug|x86.Build.0 = Debug|Any CPU
		{6E487BCE-283B-4525-83B5-8F228F4A2742}.Release|Any CPU.ActiveCfg = Release|Any CPU
		{6E487BCE-283B-4525-83B5-8F228F4A2742}.Release|Any CPU.Build.0 = Release|Any CPU
		{6E487BCE-283B-4525-83B5-8F228F4A2742}.Release|x64.ActiveCfg = Release|Any CPU
		{6E487BCE-283B-4525-83B5-8F228F4A2742}.Release|x64.Build.0 = Release|Any CPU
		{6E487BCE-283B-4525-83B5-8F228F4A2742}.Release|x86.ActiveCfg = Release|Any CPU
		{6E487BCE-283B-4525-83B5-8F228F4A2742}.Release|x86.Build.0 = Release|Any CPU
	EndGlobalSection
	GlobalSection(SolutionProperties) = preSolution
		HideSolutionNode = FALSE
	EndGlobalSection
	GlobalSection(ExtensibilityGlobals) = postSolution
		SolutionGuid = {8B59E246-DB1F-4A94-8661-5B6DDC1E564D}
	EndGlobalSection
	GlobalSection(NestedProjects) = preSolution
		{6E487BCE-283B-4525-83B5-8F228F4A2742} = {C94BD735-8346-47DF-8F0B-13CD9BBBD2E9}
		{649B1128-B413-4D5A-849E-AE481B1B0C43} = {C94BD735-8346-47DF-8F0B-13CD9BBBD2E9}
		{439DF4B7-6359-4B8B-8E52-E3E7F9E90D1C} = {D3B3C024-9B36-416D-A570-3146FB91F291}
	EndGlobalSection
EndGlobal
